
Microsoft Visual Studio Solution File, Format Version 12.00
# Visual Studio Version 17
VisualStudioVersion = 17.4.33122.133
MinimumVisualStudioVersion = 10.0.40219.1
Project("{FAE04EC0-301F-11D3-BF4B-00C04F79EFBC}") = "BulkyBookWeb", "BulkyBookWeb\BulkyBookWeb.csproj", "{F08A55E6-24F8-4299-8DDF-EB1BAD269736}"
EndProject
Global
	GlobalSection(SolutionConfigurationPlatforms) = preSolution
		Debug|Any CPU = Debug|Any CPU
		Release|Any CPU = Release|Any CPU
	EndGlobalSection
	GlobalSection(ProjectConfigurationPlatforms) = postSolution
		{F08A55E6-24F8-4299-8DDF-EB1BAD269736}.Debug|Any CPU.ActiveCfg = Debug|Any CPU
		{F08A55E6-24F8-4299-8DDF-EB1BAD269736}.Debug|Any CPU.Build.0 = Debug|Any CPU
		{F08A55E6-24F8-4299-8DDF-EB1BAD269736}.Release|Any CPU.ActiveCfg = Release|Any CPU
		{F08A55E6-24F8-4299-8DDF-EB1BAD269736}.Release|Any CPU.Build.0 = Release|Any CPU
	EndGlobalSection
	GlobalSection(SolutionProperties) = preSolution
		HideSolutionNode = FALSE
	EndGlobalSection
	GlobalSection(ExtensibilityGlobals) = postSolution
		SolutionGuid = {B14B597A-093D-4B72-8BBA-81799EE9348F}
	EndGlobalSection
EndGlobal
